{
  "version": 4,
  "terraform_version": "1.15.2",
  "serial": 1,
  "lineage": "aa559e0e-62b3-db3b-017b-92478fd26764",
  "outputs": {
    "archiveWay": {
      "value": "./output/hello.txt",
      "type": "string"
    }
  },
  "resources": [
    {
      "mode": "managed",
      "type": "local_file",
      "name": "configuration_archive",
      "provider": "provider[\"registry.terraform.io/hashicorp/local\"]",
      "instances": [
        {
          "schema_version": 0,
          "attributes": {
            "content": "Hello, DevOps",
            "content_base64": null,
            "content_base64sha256": "Refeb0K2JqSEAHpLTckKs5/TSYIhbbo1DUveeeUGdb0=",
            "content_base64sha512": "//NG9XNRFVBcKiE1JYXwXVXeApkGuiHSiK1rg3qZSYtETCMXRpSs/eOkWzLq7tVj96p1cpI8Pm0N7PkOXe4dow==",
            "content_md5": "824e39ab2969bca0030a46a84aba542d",
            "content_sha1": "f88dac18bdc0773fbd89e3fbfb3e65436c17a1b5",
            "content_sha256": "45e7de6f42b626a484007a4b4dc90ab39fd34982216dba350d4bde79e50675bd",
            "content_sha512": "fff346f5735115505c2a21352585f05d55de029906ba21d288ad6b837a99498b444c23174694acfde3a45b32eaeed563f7aa7572923c3e6d0decf90e5dee1da3",
            "directory_permission": "0777",
            "file_permission": "0777",
            "filename": "./output/hello.txt",
            "id": "f88dac18bdc0773fbd89e3fbfb3e65436c17a1b5",
            "sensitive_content": null,
            "source": null
          },
          "sensitive_attributes": [
            [
              {
                "type": "get_attr",
                "value": "sensitive_content"
              }
            ]
          ],
          "identity_schema_version": 0
        }
      ]
    }
  ],
  "check_results": null
}
